
Microsoft Visual Studio Solution File, Format Version 12.00
# Visual Studio 2012
Project("{FAE04EC0-301F-11D3-BF4B-00C04F79EFBC}") = "Contestation", "Contestation\Contestation.csproj", "{3D9CC3AB-81F4-4444-85DD-1F06684B2EAB}"
	ProjectSection(ProjectDependencies) = postProject
		{984474C5-37A8-46B0-88BA-5B50B35FF265} = {984474C5-37A8-46B0-88BA-5B50B35FF265}
	EndProjectSection
EndProject
Project("{FAE04EC0-301F-11D3-BF4B-00C04F79EFBC}") = "DAL", "DAL\DAL.csproj", "{984474C5-37A8-46B0-88BA-5B50B35FF265}"
EndProject
Project("{FAE04EC0-301F-11D3-BF4B-00C04F79EFBC}") = "BLL", "BLL\BLL.csproj", "{13EBE339-7F5E-4DA1-B8CA-4173816B0442}"
EndProject
Project("{FAE04EC0-301F-11D3-BF4B-00C04F79EFBC}") = "Encryption", "Encryption\Encryption.csproj", "{5C92439F-81E7-4BED-B63C-8D40323DF50E}"
EndProject
Project("{FAE04EC0-301F-11D3-BF4B-00C04F79EFBC}") = "Entities", "Entities\Entities.csproj", "{CC312E41-EBB3-4200-8FCF-0693E9B8AB7A}"
EndProject
Project("{FAE04EC0-301F-11D3-BF4B-00C04F79EFBC}") = "OfficeOpenXml", "OfficeOpenXml\OfficeOpenXml.csproj", "{1CE528B3-7505-426F-8A7D-E93C641E2476}"
EndProject
Global
	GlobalSection(SolutionConfigurationPlatforms) = preSolution
		CD_ROM|Any CPU = CD_ROM|Any CPU
		Debug|Any CPU = Debug|Any CPU
		DVD-5|Any CPU = DVD-5|Any CPU
		Release|Any CPU = Release|Any CPU
		SingleImage|Any CPU = SingleImage|Any CPU
	EndGlobalSection
	GlobalSection(ProjectConfigurationPlatforms) = postSolution
		{3D9CC3AB-81F4-4444-85DD-1F06684B2EAB}.CD_ROM|Any CPU.ActiveCfg = Release|Any CPU
		{3D9CC3AB-81F4-4444-85DD-1F06684B2EAB}.CD_ROM|Any CPU.Build.0 = Release|Any CPU
		{3D9CC3AB-81F4-4444-85DD-1F06684B2EAB}.Debug|Any CPU.ActiveCfg = Debug|Any CPU
		{3D9CC3AB-81F4-4444-85DD-1F06684B2EAB}.Debug|Any CPU.Build.0 = Debug|Any CPU
		{3D9CC3AB-81F4-4444-85DD-1F06684B2EAB}.DVD-5|Any CPU.ActiveCfg = Debug|Any CPU
		{3D9CC3AB-81F4-4444-85DD-1F06684B2EAB}.DVD-5|Any CPU.Build.0 = Debug|Any CPU
		{3D9CC3AB-81F4-4444-85DD-1F06684B2EAB}.Release|Any CPU.ActiveCfg = Release|Any CPU
		{3D9CC3AB-81F4-4444-85DD-1F06684B2EAB}.Release|Any CPU.Build.0 = Release|Any CPU
		{3D9CC3AB-81F4-4444-85DD-1F06684B2EAB}.SingleImage|Any CPU.ActiveCfg = Release|Any CPU
		{3D9CC3AB-81F4-4444-85DD-1F06684B2EAB}.SingleImage|Any CPU.Build.0 = Release|Any CPU
		{984474C5-37A8-46B0-88BA-5B50B35FF265}.CD_ROM|Any CPU.ActiveCfg = Release|Any CPU
		{984474C5-37A8-46B0-88BA-5B50B35FF265}.CD_ROM|Any CPU.Build.0 = Release|Any CPU
		{984474C5-37A8-46B0-88BA-5B50B35FF265}.Debug|Any CPU.ActiveCfg = Debug|Any CPU
		{984474C5-37A8-46B0-88BA-5B50B35FF265}.Debug|Any CPU.Build.0 = Debug|Any CPU
		{984474C5-37A8-46B0-88BA-5B50B35FF265}.DVD-5|Any CPU.ActiveCfg = Debug|Any CPU
		{984474C5-37A8-46B0-88BA-5B50B35FF265}.DVD-5|Any CPU.Build.0 = Debug|Any CPU
		{984474C5-37A8-46B0-88BA-5B50B35FF265}.Release|Any CPU.ActiveCfg = Release|Any CPU
		{984474C5-37A8-46B0-88BA-5B50B35FF265}.Release|Any CPU.Build.0 = Release|Any CPU
		{984474C5-37A8-46B0-88BA-5B50B35FF265}.SingleImage|Any CPU.ActiveCfg = Release|Any CPU
		{984474C5-37A8-46B0-88BA-5B50B35FF265}.SingleImage|Any CPU.Build.0 = Release|Any CPU
		{13EBE339-7F5E-4DA1-B8CA-4173816B0442}.CD_ROM|Any CPU.ActiveCfg = Release|Any CPU
		{13EBE339-7F5E-4DA1-B8CA-4173816B0442}.CD_ROM|Any CPU.Build.0 = Release|Any CPU
		{13EBE339-7F5E-4DA1-B8CA-4173816B0442}.Debug|Any CPU.ActiveCfg = Debug|Any CPU
		{13EBE339-7F5E-4DA1-B8CA-4173816B0442}.Debug|Any CPU.Build.0 = Debug|Any CPU
		{13EBE339-7F5E-4DA1-B8CA-4173816B0442}.DVD-5|Any CPU.ActiveCfg = Debug|Any CPU
		{13EBE339-7F5E-4DA1-B8CA-4173816B0442}.DVD-5|Any CPU.Build.0 = Debug|Any CPU
		{13EBE339-7F5E-4DA1-B8CA-4173816B0442}.Release|Any CPU.ActiveCfg = Release|Any CPU
		{13EBE339-7F5E-4DA1-B8CA-4173816B0442}.Release|Any CPU.Build.0 = Release|Any CPU
		{13EBE339-7F5E-4DA1-B8CA-4173816B0442}.SingleImage|Any CPU.ActiveCfg = Release|Any CPU
		{13EBE339-7F5E-4DA1-B8CA-4173816B0442}.SingleImage|Any CPU.Build.0 = Release|Any CPU
		{5C92439F-81E7-4BED-B63C-8D40323DF50E}.CD_ROM|Any CPU.ActiveCfg = Release|Any CPU
		{5C92439F-81E7-4BED-B63C-8D40323DF50E}.CD_ROM|Any CPU.Build.0 = Release|Any CPU
		{5C92439F-81E7-4BED-B63C-8D40323DF50E}.Debug|Any CPU.ActiveCfg = Debug|Any CPU
		{5C92439F-81E7-4BED-B63C-8D40323DF50E}.Debug|Any CPU.Build.0 = Debug|Any CPU
		{5C92439F-81E7-4BED-B63C-8D40323DF50E}.DVD-5|Any CPU.ActiveCfg = Debug|Any CPU
		{5C92439F-81E7-4BED-B63C-8D40323DF50E}.DVD-5|Any CPU.Build.0 = Debug|Any CPU
		{5C92439F-81E7-4BED-B63C-8D40323DF50E}.Release|Any CPU.ActiveCfg = Release|Any CPU
		{5C92439F-81E7-4BED-B63C-8D40323DF50E}.Release|Any CPU.Build.0 = Release|Any CPU
		{5C92439F-81E7-4BED-B63C-8D40323DF50E}.SingleImage|Any CPU.ActiveCfg = Release|Any CPU
		{5C92439F-81E7-4BED-B63C-8D40323DF50E}.SingleImage|Any CPU.Build.0 = Release|Any CPU
		{CC312E41-EBB3-4200-8FCF-0693E9B8AB7A}.CD_ROM|Any CPU.ActiveCfg = Release|Any CPU
		{CC312E41-EBB3-4200-8FCF-0693E9B8AB7A}.CD_ROM|Any CPU.Build.0 = Release|Any CPU
		{CC312E41-EBB3-4200-8FCF-0693E9B8AB7A}.Debug|Any CPU.ActiveCfg = Debug|Any CPU
		{CC312E41-EBB3-4200-8FCF-0693E9B8AB7A}.Debug|Any CPU.Build.0 = Debug|Any CPU
		{CC312E41-EBB3-4200-8FCF-0693E9B8AB7A}.DVD-5|Any CPU.ActiveCfg = Debug|Any CPU
		{CC312E41-EBB3-4200-8FCF-0693E9B8AB7A}.DVD-5|Any CPU.Build.0 = Debug|Any CPU
		{CC312E41-EBB3-4200-8FCF-0693E9B8AB7A}.Release|Any CPU.ActiveCfg = Release|Any CPU
		{CC312E41-EBB3-4200-8FCF-0693E9B8AB7A}.Release|Any CPU.Build.0 = Release|Any CPU
		{CC312E41-EBB3-4200-8FCF-0693E9B8AB7A}.SingleImage|Any CPU.ActiveCfg = Release|Any CPU
		{CC312E41-EBB3-4200-8FCF-0693E9B8AB7A}.SingleImage|Any CPU.Build.0 = Release|Any CPU
		{1CE528B3-7505-426F-8A7D-E93C641E2476}.CD_ROM|Any CPU.ActiveCfg = Release|Any CPU
		{1CE528B3-7505-426F-8A7D-E93C641E2476}.CD_ROM|Any CPU.Build.0 = Release|Any CPU
		{1CE528B3-7505-426F-8A7D-E93C641E2476}.Debug|Any CPU.ActiveCfg = Debug|Any CPU
		{1CE528B3-7505-426F-8A7D-E93C641E2476}.Debug|Any CPU.Build.0 = Debug|Any CPU
		{1CE528B3-7505-426F-8A7D-E93C641E2476}.DVD-5|Any CPU.ActiveCfg = Debug|Any CPU
		{1CE528B3-7505-426F-8A7D-E93C641E2476}.DVD-5|Any CPU.Build.0 = Debug|Any CPU
		{1CE528B3-7505-426F-8A7D-E93C641E2476}.Release|Any CPU.ActiveCfg = Release|Any CPU
		{1CE528B3-7505-426F-8A7D-E93C641E2476}.Release|Any CPU.Build.0 = Release|Any CPU
		{1CE528B3-7505-426F-8A7D-E93C641E2476}.SingleImage|Any CPU.ActiveCfg = Release|Any CPU
		{1CE528B3-7505-426F-8A7D-E93C641E2476}.SingleImage|Any CPU.Build.0 = Release|Any CPU
	EndGlobalSection
	GlobalSection(SolutionProperties) = preSolution
		HideSolutionNode = FALSE
	EndGlobalSection
EndGlobal
